
Microsoft Visual Studio Solution File, Format Version 12.00
# Visual Studio Version 16
VisualStudioVersion = 16.0.31321.278
MinimumVisualStudioVersion = 10.0.40219.1
Project("{FAE04EC0-301F-11D3-BF4B-00C04F79EFBC}") = "EMI", "EMI.csproj", "{9AA2E1FB-EAC2-4B99-A77C-C8D494C6ED3A}"
EndProject
Global
	GlobalSection(SolutionConfigurationPlatforms) = preSolution
		Debug|Any CPU = Debug|Any CPU
		Release|Any CPU = Release|Any CPU
	EndGlobalSection
	GlobalSection(ProjectConfigurationPlatforms) = postSolution
		{9AA2E1FB-EAC2-4B99-A77C-C8D494C6ED3A}.Debug|Any CPU.ActiveCfg = Debug|Any CPU
		{9AA2E1FB-EAC2-4B99-A77C-C8D494C6ED3A}.Debug|Any CPU.Build.0 = Debug|Any CPU
		{9AA2E1FB-EAC2-4B99-A77C-C8D494C6ED3A}.Release|Any CPU.ActiveCfg = Release|Any CPU
		{9AA2E1FB-EAC2-4B99-A77C-C8D494C6ED3A}.Release|Any CPU.Build.0 = Release|Any CPU
	EndGlobalSection
	GlobalSection(SolutionProperties) = preSolution
		HideSolutionNode = FALSE
	EndGlobalSection
	GlobalSection(ExtensibilityGlobals) = postSolution
		SolutionGuid = {F2F84649-5133-4DE4-AFAD-87F19714F1AA}
	EndGlobalSection
EndGlobal
